
Microsoft Visual Studio Solution File, Format Version 12.00
# Visual Studio Version 17
VisualStudioVersion = 17.12.35527.113 d17.12
MinimumVisualStudioVersion = 10.0.40219.1
Project("{2150E333-8FDC-42A3-9474-1A3956D46DE8}") = "src", "src", "{DEB05BC5-2023-4F97-812A-2FD0D1D145C6}"
EndProject
Project("{FAE04EC0-301F-11D3-BF4B-00C04F79EFBC}") = "NeuKoProx", "src\NeuKoProx\NeuKoProx.csproj", "{87034A55-D435-4D26-99C4-ED6BF49F0BB1}"
EndProject
Global
	GlobalSection(SolutionConfigurationPlatforms) = preSolution
		Debug|Any CPU = Debug|Any CPU
		Release|Any CPU = Release|Any CPU
	EndGlobalSection
	GlobalSection(ProjectConfigurationPlatforms) = postSolution
		{87034A55-D435-4D26-99C4-ED6BF49F0BB1}.Debug|Any CPU.ActiveCfg = Debug|Any CPU
		{87034A55-D435-4D26-99C4-ED6BF49F0BB1}.Debug|Any CPU.Build.0 = Debug|Any CPU
		{87034A55-D435-4D26-99C4-ED6BF49F0BB1}.Release|Any CPU.ActiveCfg = Release|Any CPU
		{87034A55-D435-4D26-99C4-ED6BF49F0BB1}.Release|Any CPU.Build.0 = Release|Any CPU
	EndGlobalSection
	GlobalSection(SolutionProperties) = preSolution
		HideSolutionNode = FALSE
	EndGlobalSection
	GlobalSection(NestedProjects) = preSolution
		{87034A55-D435-4D26-99C4-ED6BF49F0BB1} = {DEB05BC5-2023-4F97-812A-2FD0D1D145C6}
	EndGlobalSection
EndGlobal
